
Microsoft Visual Studio Solution File, Format Version 12.00
# Visual Studio Version 17
VisualStudioVersion = 17.5.33530.505
MinimumVisualStudioVersion = 10.0.40219.1
Project("{FAE04EC0-301F-11D3-BF4B-00C04F79EFBC}") = "MiniEcommerceWeb", "MiniEcommerceWeb\MiniEcommerceWeb.csproj", "{2C929261-5CE4-49D3-8B3C-CFF91F9CE193}"
EndProject
Global
	GlobalSection(SolutionConfigurationPlatforms) = preSolution
		Debug|Any CPU = Debug|Any CPU
		Release|Any CPU = Release|Any CPU
	EndGlobalSection
	GlobalSection(ProjectConfigurationPlatforms) = postSolution
		{2C929261-5CE4-49D3-8B3C-CFF91F9CE193}.Debug|Any CPU.ActiveCfg = Debug|Any CPU
		{2C929261-5CE4-49D3-8B3C-CFF91F9CE193}.Debug|Any CPU.Build.0 = Debug|Any CPU
		{2C929261-5CE4-49D3-8B3C-CFF91F9CE193}.Release|Any CPU.ActiveCfg = Release|Any CPU
		{2C929261-5CE4-49D3-8B3C-CFF91F9CE193}.Release|Any CPU.Build.0 = Release|Any CPU
	EndGlobalSection
	GlobalSection(SolutionProperties) = preSolution
		HideSolutionNode = FALSE
	EndGlobalSection
	GlobalSection(ExtensibilityGlobals) = postSolution
		SolutionGuid = {AFEC3244-2803-4E8D-888C-B9BC4A2D76F2}
	EndGlobalSection
EndGlobal
